# THIS IS AN AUTOGENERATED FILE. DO NOT EDIT THIS FILE DIRECTLY.
# yarn lockfile v1


opentype.js@^0.7.3:
  version "0.7.3"
  resolved "https://registry.yarnpkg.com/opentype.js/-/opentype.js-0.7.3.tgz#40fb8ce18bfd60e74448efdfe442834098397aab"
  dependencies:
    tiny-inflate "^1.0.2"

tiny-inflate@^1.0.2:
  version "1.0.2"
  resolved "https://registry.yarnpkg.com/tiny-inflate/-/tiny-inflate-1.0.2.tgz#93d9decffc8805bd57eae4310f0b745e9b6fb3a7"
